
Microsoft Visual Studio Solution File, Format Version 12.00
# Visual Studio Version 17
VisualStudioVersion = 17.4.33110.190
MinimumVisualStudioVersion = 10.0.40219.1
Project("{2150E333-8FDC-42A3-9474-1A3956D46DE8}") = "Core", "Core", "{D70369A4-D9CA-4B33-AF31-CA3278994EAC}"
EndProject
Project("{9A19103F-16F7-4668-BE54-9A1E7A4F7556}") = "Application", "Application\Application.csproj", "{60FFB9F2-DEAF-4CB8-BB90-C37B1355E504}"
EndProject
Project("{9A19103F-16F7-4668-BE54-9A1E7A4F7556}") = "Domain", "Domain\Domain.csproj", "{9BBBC9D8-218E-446E-9130-065E3751812D}"
EndProject
Project("{2150E333-8FDC-42A3-9474-1A3956D46DE8}") = "Infrastructure", "Infrastructure", "{30C3699B-F474-4DCE-B3ED-4AA02B47076E}"
EndProject
Project("{9A19103F-16F7-4668-BE54-9A1E7A4F7556}") = "Infrastructure", "Infrastructure\Infrastructure.csproj", "{2DCED3B2-BBE2-46F7-A6FE-2F2FA02272EB}"
EndProject
Project("{2150E333-8FDC-42A3-9474-1A3956D46DE8}") = "Host", "Host", "{C3527D13-8A30-4BED-AFDD-91587BB5CAB3}"
EndProject
Project("{9A19103F-16F7-4668-BE54-9A1E7A4F7556}") = "Host", "Host\Host.csproj", "{BDED0079-ADAE-4982-80C4-E237E7B52FA7}"
EndProject
Project("{2150E333-8FDC-42A3-9474-1A3956D46DE8}") = "Shared", "Shared", "{A3881E12-2FE8-4C73-92C4-672081DF1B74}"
EndProject
Project("{9A19103F-16F7-4668-BE54-9A1E7A4F7556}") = "Shared", "Shared\Shared.csproj", "{4F21AF56-2B6D-40ED-B31E-88576E3FF472}"
EndProject
Project("{2150E333-8FDC-42A3-9474-1A3956D46DE8}") = "Client", "Client", "{B50422F3-80A9-4A86-AB86-D41AC714326A}"
EndProject
Project("{2150E333-8FDC-42A3-9474-1A3956D46DE8}") = "Identity", "Identity", "{904ABE1C-DF54-4B12-94C9-8F198A36FB62}"
EndProject
Project("{9A19103F-16F7-4668-BE54-9A1E7A4F7556}") = "AnimeProtoType_Identity", "AnimeProtoType_Identity\AnimeProtoType_Identity.csproj", "{8B72C471-E61F-43F1-93E7-1915A7852A82}"
EndProject
Project("{FAE04EC0-301F-11D3-BF4B-00C04F79EFBC}") = "Anime_ProtoType", "Anime_ProtoType\Anime_ProtoType.csproj", "{A95D8152-DBDE-4D7B-9E7C-FA49403C7B66}"
EndProject
Global
	GlobalSection(SolutionConfigurationPlatforms) = preSolution
		Debug|Any CPU = Debug|Any CPU
		Release|Any CPU = Release|Any CPU
	EndGlobalSection
	GlobalSection(ProjectConfigurationPlatforms) = postSolution
		{60FFB9F2-DEAF-4CB8-BB90-C37B1355E504}.Debug|Any CPU.ActiveCfg = Debug|Any CPU
		{60FFB9F2-DEAF-4CB8-BB90-C37B1355E504}.Debug|Any CPU.Build.0 = Debug|Any CPU
		{60FFB9F2-DEAF-4CB8-BB90-C37B1355E504}.Release|Any CPU.ActiveCfg = Release|Any CPU
		{60FFB9F2-DEAF-4CB8-BB90-C37B1355E504}.Release|Any CPU.Build.0 = Release|Any CPU
		{9BBBC9D8-218E-446E-9130-065E3751812D}.Debug|Any CPU.ActiveCfg = Debug|Any CPU
		{9BBBC9D8-218E-446E-9130-065E3751812D}.Debug|Any CPU.Build.0 = Debug|Any CPU
		{9BBBC9D8-218E-446E-9130-065E3751812D}.Release|Any CPU.ActiveCfg = Release|Any CPU
		{9BBBC9D8-218E-446E-9130-065E3751812D}.Release|Any CPU.Build.0 = Release|Any CPU
		{2DCED3B2-BBE2-46F7-A6FE-2F2FA02272EB}.Debug|Any CPU.ActiveCfg = Debug|Any CPU
		{2DCED3B2-BBE2-46F7-A6FE-2F2FA02272EB}.Debug|Any CPU.Build.0 = Debug|Any CPU
		{2DCED3B2-BBE2-46F7-A6FE-2F2FA02272EB}.Release|Any CPU.ActiveCfg = Release|Any CPU
		{2DCED3B2-BBE2-46F7-A6FE-2F2FA02272EB}.Release|Any CPU.Build.0 = Release|Any CPU
		{BDED0079-ADAE-4982-80C4-E237E7B52FA7}.Debug|Any CPU.ActiveCfg = Debug|Any CPU
		{BDED0079-ADAE-4982-80C4-E237E7B52FA7}.Debug|Any CPU.Build.0 = Debug|Any CPU
		{BDED0079-ADAE-4982-80C4-E237E7B52FA7}.Release|Any CPU.ActiveCfg = Release|Any CPU
		{BDED0079-ADAE-4982-80C4-E237E7B52FA7}.Release|Any CPU.Build.0 = Release|Any CPU
		{4F21AF56-2B6D-40ED-B31E-88576E3FF472}.Debug|Any CPU.ActiveCfg = Debug|Any CPU
		{4F21AF56-2B6D-40ED-B31E-88576E3FF472}.Debug|Any CPU.Build.0 = Debug|Any CPU
		{4F21AF56-2B6D-40ED-B31E-88576E3FF472}.Release|Any CPU.ActiveCfg = Release|Any CPU
		{4F21AF56-2B6D-40ED-B31E-88576E3FF472}.Release|Any CPU.Build.0 = Release|Any CPU
		{8B72C471-E61F-43F1-93E7-1915A7852A82}.Debug|Any CPU.ActiveCfg = Debug|Any CPU
		{8B72C471-E61F-43F1-93E7-1915A7852A82}.Debug|Any CPU.Build.0 = Debug|Any CPU
		{8B72C471-E61F-43F1-93E7-1915A7852A82}.Release|Any CPU.ActiveCfg = Release|Any CPU
		{8B72C471-E61F-43F1-93E7-1915A7852A82}.Release|Any CPU.Build.0 = Release|Any CPU
		{A95D8152-DBDE-4D7B-9E7C-FA49403C7B66}.Debug|Any CPU.ActiveCfg = Debug|Any CPU
		{A95D8152-DBDE-4D7B-9E7C-FA49403C7B66}.Debug|Any CPU.Build.0 = Debug|Any CPU
		{A95D8152-DBDE-4D7B-9E7C-FA49403C7B66}.Release|Any CPU.ActiveCfg = Release|Any CPU
		{A95D8152-DBDE-4D7B-9E7C-FA49403C7B66}.Release|Any CPU.Build.0 = Release|Any CPU
	EndGlobalSection
	GlobalSection(SolutionProperties) = preSolution
		HideSolutionNode = FALSE
	EndGlobalSection
	GlobalSection(NestedProjects) = preSolution
		{60FFB9F2-DEAF-4CB8-BB90-C37B1355E504} = {D70369A4-D9CA-4B33-AF31-CA3278994EAC}
		{9BBBC9D8-218E-446E-9130-065E3751812D} = {D70369A4-D9CA-4B33-AF31-CA3278994EAC}
		{2DCED3B2-BBE2-46F7-A6FE-2F2FA02272EB} = {30C3699B-F474-4DCE-B3ED-4AA02B47076E}
		{BDED0079-ADAE-4982-80C4-E237E7B52FA7} = {C3527D13-8A30-4BED-AFDD-91587BB5CAB3}
		{4F21AF56-2B6D-40ED-B31E-88576E3FF472} = {A3881E12-2FE8-4C73-92C4-672081DF1B74}
		{8B72C471-E61F-43F1-93E7-1915A7852A82} = {904ABE1C-DF54-4B12-94C9-8F198A36FB62}
		{A95D8152-DBDE-4D7B-9E7C-FA49403C7B66} = {B50422F3-80A9-4A86-AB86-D41AC714326A}
	EndGlobalSection
	GlobalSection(ExtensibilityGlobals) = postSolution
		SolutionGuid = {209EA145-1444-4C20-9CCF-90FF3B20911F}
	EndGlobalSection
EndGlobal
